
Microsoft Visual Studio Solution File, Format Version 12.00
# Visual Studio Version 17
VisualStudioVersion = 17.2.32630.192
MinimumVisualStudioVersion = 10.0.40219.1
Project("{FAE04EC0-301F-11D3-BF4B-00C04F79EFBC}") = "Atividade_MMC2", "Atividade_MMC2\Atividade_MMC2.csproj", "{13BFC368-1CD0-4DD9-825E-DE09CF87565D}"
EndProject
Global
	GlobalSection(SolutionConfigurationPlatforms) = preSolution
		Debug|Any CPU = Debug|Any CPU
		Release|Any CPU = Release|Any CPU
	EndGlobalSection
	GlobalSection(ProjectConfigurationPlatforms) = postSolution
		{13BFC368-1CD0-4DD9-825E-DE09CF87565D}.Debug|Any CPU.ActiveCfg = Debug|Any CPU
		{13BFC368-1CD0-4DD9-825E-DE09CF87565D}.Debug|Any CPU.Build.0 = Debug|Any CPU
		{13BFC368-1CD0-4DD9-825E-DE09CF87565D}.Release|Any CPU.ActiveCfg = Release|Any CPU
		{13BFC368-1CD0-4DD9-825E-DE09CF87565D}.Release|Any CPU.Build.0 = Release|Any CPU
	EndGlobalSection
	GlobalSection(SolutionProperties) = preSolution
		HideSolutionNode = FALSE
	EndGlobalSection
	GlobalSection(ExtensibilityGlobals) = postSolution
		SolutionGuid = {C9C1EC2F-2310-47F2-8D0E-808B4230401F}
	EndGlobalSection
EndGlobal
